<?xml version="1.0" encoding="utf-8"?>
<Project ToolsVersion="4.0" xmlns="http://schemas.microsoft.com/developer/msbuild/2003">
  <ItemGroup>
    <Filter Include="Source Files">
      <UniqueIdentifier>{4FC737F1-C7A5-4376-A066-2A32D752A2FF}</UniqueIdentifier>
      <Extensions>cpp;c;cc;cxx;c++;cppm;ixx;def;odl;idl;hpj;bat;asm;asmx</Extensions>
    </Filter>
    <Filter Include="Header Files">
      <UniqueIdentifier>{93995380-89BD-4b04-88EB-625FBE52EBFB}</UniqueIdentifier>
      <Extensions>h;hh;hpp;hxx;h++;hm;inl;inc;ipp;xsd</Extensions>
    </Filter>
    <Filter Include="Resource Files">
      <UniqueIdentifier>{67DA6AB6-F800-4c08-8B7A-83BB121AAD01}</UniqueIdentifier>
      <Extensions>rc;ico;cur;bmp;dlg;rc2;rct;bin;rgs;gif;jpg;jpeg;jpe;resx;tiff;tif;png;wav;mfcribbon-ms</Extensions>
    </Filter>
  </ItemGroup>
  <ItemGroup>
    <ClInclude Include="src\utils\BinaryReader.h">
      <Filter>Header Files</Filter>
    </ClInclude>
    <ClInclude Include="src\utils\BinaryWriter.h">
      <Filter>Header Files</Filter>
    </ClInclude>
    <ClInclude Include="src\CPPolusServer.h">
      <Filter>Header Files</Filter>
    </ClInclude>
    <ClInclude Include="src\RemoteClient.h">
      <Filter>Header Files</Filter>
    </ClInclude>
    <ClInclude Include="src\utils\Singleton.h">
      <Filter>Header Files</Filter>
    </ClInclude>
    <ClInclude Include="src\constants\Enums.h">
      <Filter>Header Files</Filter>
    </ClInclude>
    <ClInclude Include="src\utils\SwitchBytes.h">
      <Filter>Header Files</Filter>
    </ClInclude>
    <ClInclude Include="src\utils\Versions.h">
      <Filter>Header Files</Filter>
    </ClInclude>
    <ClInclude Include="src\Room.h">
      <Filter>Header Files</Filter>
    </ClInclude>
    <ClInclude Include="src\GameSettings.h">
      <Filter>Header Files</Filter>
    </ClInclude>
    <ClInclude Include="src\ClientData.h">
      <Filter>Header Files</Filter>
    </ClInclude>
    <ClInclude Include="src\utils\Codes.h">
      <Filter>Header Files</Filter>
    </ClInclude>
    <ClInclude Include="src\packets\Unreliable.h">
      <Filter>Header Files</Filter>
    </ClInclude>
    <ClInclude Include="src\packets\Hello.h">
      <Filter>Header Files</Filter>
    </ClInclude>
    <ClInclude Include="src\packets\Disconnect.h">
      <Filter>Header Files</Filter>
    </ClInclude>
    <ClInclude Include="src\packets\Acknowledge.h">
      <Filter>Header Files</Filter>
    </ClInclude>
    <ClInclude Include="src\packets\Ping.h">
      <Filter>Header Files</Filter>
    </ClInclude>
    <ClInclude Include="src\packets\Payloadable.h">
      <Filter>Header Files</Filter>
    </ClInclude>
    <ClInclude Include="src\packets\payloads\Payload.h">
      <Filter>Header Files</Filter>
    </ClInclude>
    <ClInclude Include="src\packets\payloads\HostGame.h">
      <Filter>Header Files</Filter>
    </ClInclude>
    <ClInclude Include="src\packets\payloads\JoinGame.h">
      <Filter>Header Files</Filter>
    </ClInclude>
    <ClInclude Include="src\packets\payloads\StartGame.h">
      <Filter>Header Files</Filter>
    </ClInclude>
    <ClInclude Include="src\packets\payloads\RemoveGame.h">
      <Filter>Header Files</Filter>
    </ClInclude>
    <ClInclude Include="src\packets\payloads\RemovePlayer.h">
      <Filter>Header Files</Filter>
    </ClInclude>
    <ClInclude Include="src\packets\payloads\GameData.h">
      <Filter>Header Files</Filter>
    </ClInclude>
    <ClInclude Include="src\packets\payloads\GameDataTo.h">
      <Filter>Header Files</Filter>
    </ClInclude>
    <ClInclude Include="src\packets\payloads\JoinedGame.h">
      <Filter>Header Files</Filter>
    </ClInclude>
    <ClInclude Include="src\packets\payloads\EndGame.h">
      <Filter>Header Files</Filter>
    </ClInclude>
    <ClInclude Include="src\packets\payloads\GetGameList.h">
      <Filter>Header Files</Filter>
    </ClInclude>
    <ClInclude Include="src\packets\payloads\AlterGame.h">
      <Filter>Header Files</Filter>
    </ClInclude>
    <ClInclude Include="src\packets\payloads\KickPlayer.h">
      <Filter>Header Files</Filter>
    </ClInclude>
    <ClInclude Include="src\packets\payloads\Redirect.h">
      <Filter>Header Files</Filter>
    </ClInclude>
    <ClInclude Include="src\packets\payloads\ReselectServer.h">
      <Filter>Header Files</Filter>
    </ClInclude>
    <ClInclude Include="src\packets\payloads\messages\Data.h">
      <Filter>Header Files</Filter>
    </ClInclude>
    <ClInclude Include="src\packets\payloads\messages\Spawn.h">
      <Filter>Header Files</Filter>
    </ClInclude>
    <ClInclude Include="src\packets\payloads\messages\Despawn.h">
      <Filter>Header Files</Filter>
    </ClInclude>
    <ClInclude Include="src\packets\payloads\messages\SceneChange.h">
      <Filter>Header Files</Filter>
    </ClInclude>
    <ClInclude Include="src\packets\payloads\messages\Ready.h">
      <Filter>Header Files</Filter>
    </ClInclude>
    <ClInclude Include="src\packets\payloads\messages\ChangeSettings.h">
      <Filter>Header Files</Filter>
    </ClInclude>
    <ClInclude Include="src\packets\payloads\messages\rpc\PlayAnimation.h">
      <Filter>Header Files</Filter>
    </ClInclude>
    <ClInclude Include="src\packets\payloads\messages\rpc\CompleteTask.h">
      <Filter>Header Files</Filter>
    </ClInclude>
    <ClInclude Include="src\packets\payloads\messages\rpc\SyncSettings.h">
      <Filter>Header Files</Filter>
    </ClInclude>
    <ClInclude Include="src\packets\payloads\messages\rpc\SetInfected.h">
      <Filter>Header Files</Filter>
    </ClInclude>
    <ClInclude Include="src\packets\payloads\messages\rpc\Exiled.h">
      <Filter>Header Files</Filter>
    </ClInclude>
    <ClInclude Include="src\packets\payloads\messages\rpc\CheckName.h">
      <Filter>Header Files</Filter>
    </ClInclude>
    <ClInclude Include="src\packets\payloads\messages\rpc\SetName.h">
      <Filter>Header Files</Filter>
    </ClInclude>
    <ClInclude Include="src\packets\payloads\messages\rpc\CheckColour.h">
      <Filter>Header Files</Filter>
    </ClInclude>
    <ClInclude Include="src\packets\payloads\messages\rpc\SetColour.h">
      <Filter>Header Files</Filter>
    </ClInclude>
    <ClInclude Include="src\packets\payloads\messages\rpc\SetHat.h">
      <Filter>Header Files</Filter>
    </ClInclude>
    <ClInclude Include="src\packets\payloads\messages\rpc\SetSkin.h">
      <Filter>Header Files</Filter>
    </ClInclude>
    <ClInclude Include="src\packets\payloads\messages\rpc\ReportDeadBody.h">
      <Filter>Header Files</Filter>
    </ClInclude>
    <ClInclude Include="src\packets\payloads\messages\rpc\MurderPlayer.h">
      <Filter>Header Files</Filter>
    </ClInclude>
    <ClInclude Include="src\packets\payloads\messages\rpc\SendChat.h">
      <Filter>Header Files</Filter>
    </ClInclude>
    <ClInclude Include="src\packets\payloads\messages\rpc\StartMeeting.h">
      <Filter>Header Files</Filter>
    </ClInclude>
    <ClInclude Include="src\packets\payloads\messages\rpc\SetScanner.h">
      <Filter>Header Files</Filter>
    </ClInclude>
    <ClInclude Include="src\packets\payloads\messages\rpc\SendChatNote.h">
      <Filter>Header Files</Filter>
    </ClInclude>
    <ClInclude Include="src\packets\payloads\messages\rpc\SetPet.h">
      <Filter>Header Files</Filter>
    </ClInclude>
    <ClInclude Include="src\packets\payloads\messages\rpc\SetStartCounter.h">
      <Filter>Header Files</Filter>
    </ClInclude>
    <ClInclude Include="src\packets\payloads\messages\rpc\EnterVent.h">
      <Filter>Header Files</Filter>
    </ClInclude>
    <ClInclude Include="src\packets\payloads\messages\rpc\ExitVent.h">
      <Filter>Header Files</Filter>
    </ClInclude>
    <ClInclude Include="src\packets\payloads\messages\rpc\SnapTo.h">
      <Filter>Header Files</Filter>
    </ClInclude>
    <ClInclude Include="src\packets\payloads\messages\rpc\Close.h">
      <Filter>Header Files</Filter>
    </ClInclude>
    <ClInclude Include="src\packets\payloads\messages\rpc\VotingComplete.h">
      <Filter>Header Files</Filter>
    </ClInclude>
    <ClInclude Include="src\packets\payloads\messages\rpc\CastVote.h">
      <Filter>Header Files</Filter>
    </ClInclude>
    <ClInclude Include="src\packets\payloads\messages\rpc\ClearVote.h">
      <Filter>Header Files</Filter>
    </ClInclude>
    <ClInclude Include="src\packets\payloads\messages\rpc\AddVote.h">
      <Filter>Header Files</Filter>
    </ClInclude>
    <ClInclude Include="src\packets\payloads\messages\rpc\CloseDoorsOfType.h">
      <Filter>Header Files</Filter>
    </ClInclude>
    <ClInclude Include="src\packets\payloads\messages\rpc\RepairSystem.h">
      <Filter>Header Files</Filter>
    </ClInclude>
    <ClInclude Include="src\packets\payloads\messages\rpc\SetTasks.h">
      <Filter>Header Files</Filter>
    </ClInclude>
    <ClInclude Include="src\packets\payloads\messages\rpc\UpdateGameData.h">
      <Filter>Header Files</Filter>
    </ClInclude>
    <ClInclude Include="src\packets\Packet.h">
      <Filter>Header Files</Filter>
    </ClInclude>
    <ClInclude Include="src\PacketWriter.h">
      <Filter>Header Files</Filter>
    </ClInclude>
  </ItemGroup>
  <ItemGroup>
    <ClCompile Include="src\utils\BinaryReader.cpp">
      <Filter>Source Files</Filter>
    </ClCompile>
    <ClCompile Include="src\utils\BinaryWriter.cpp">
      <Filter>Source Files</Filter>
    </ClCompile>
    <ClCompile Include="src\RemoteClient.cpp">
      <Filter>Source Files</Filter>
    </ClCompile>
    <ClCompile Include="src\CPPolusServer.cpp">
      <Filter>Source Files</Filter>
    </ClCompile>
    <ClCompile Include="src\utils\Versions.cpp">
      <Filter>Source Files</Filter>
    </ClCompile>
    <ClCompile Include="src\GameSettings.cpp">
      <Filter>Source Files</Filter>
    </ClCompile>
    <ClCompile Include="src\utils\Codes.cpp">
      <Filter>Source Files</Filter>
    </ClCompile>
    <ClCompile Include="main.cpp">
      <Filter>Source Files</Filter>
    </ClCompile>
    <ClCompile Include="src\packets\Reliable.h">
      <Filter>Source Files</Filter>
    </ClCompile>
    <ClCompile Include="src\PacketWriter.cpp">
      <Filter>Source Files</Filter>
    </ClCompile>
  </ItemGroup>
</Project>